# This file was autogenerated by Stack.
# You should not edit this file by hand.
# For more information, please see the documentation at:
#   https://docs.haskellstack.org/en/stable/lock_files

snapshots:
- original: lts-14.7
  completed:
    sha256: 8e3f3c894be74d71fa4bf085e0a8baae7e4d7622d07ea31a52736b80f8b9bb1a
    url: https://raw.githubusercontent.com/commercialhaskell/stackage-snapshots/master/lts/14/7.yaml
    size: 523700
packages:
- original:
    hackage: min-max-pqueue-0.1.0.0@sha256:4553189c08811c3eda3685b6e0c403eef3661db54d48f65414ef6786673d9327,1940
  completed:
    pantry-tree:
      sha256: 73c9a0a966206256a17c0a2ade5c8882ed104e04627dcf949571240e3a69a14c
      size: 721
    hackage: min-max-pqueue-0.1.0.0@sha256:4553189c08811c3eda3685b6e0c403eef3661db54d48f65414ef6786673d9327,1940
